{
    "name": "@rustforweb/floating-ui",
    "lockfileVersion": 3,
    "requires": true,
    "packages": {
        "": {
            "name": "@rustforweb/floating-ui",
            "license": "MIT",
            "devDependencies": {
                "prettier": "^3.3.3",
                "prettier-plugin-tailwindcss": "^0.6.6",
                "tailwindcss": "^4.0.0"
            },
            "engines": {
                "node": ">=18"
            }
        },
        "node_modules/prettier": {
            "version": "3.4.2",
            "resolved": "https://registry.npmjs.org/prettier/-/prettier-3.4.2.tgz",
            "integrity": "sha512-e9MewbtFo+Fevyuxn/4rrcDAaq0IYxPGLvObpQjiZBMAzB9IGmzlnG9RZy3FFas+eBMu2vA0CszMeduow5dIuQ==",
            "dev": true,
            "license": "MIT",
            "bin": {
                "prettier": "bin/prettier.cjs"
            },
            "engines": {
                "node": ">=14"
            },
            "funding": {
                "url": "https://github.com/prettier/prettier?sponsor=1"
            }
        },
        "node_modules/prettier-plugin-tailwindcss": {
            "version": "0.6.9",
            "resolved": "https://registry.npmjs.org/prettier-plugin-tailwindcss/-/prettier-plugin-tailwindcss-0.6.9.tgz",
            "integrity": "sha512-r0i3uhaZAXYP0At5xGfJH876W3HHGHDp+LCRUJrs57PBeQ6mYHMwr25KH8NPX44F2yGTvdnH7OqCshlQx183Eg==",
            "dev": true,
            "license": "MIT",
            "engines": {
                "node": ">=14.21.3"
            },
            "peerDependencies": {
                "@ianvs/prettier-plugin-sort-imports": "*",
                "@prettier/plugin-pug": "*",
                "@shopify/prettier-plugin-liquid": "*",
                "@trivago/prettier-plugin-sort-imports": "*",
                "@zackad/prettier-plugin-twig-melody": "*",
                "prettier": "^3.0",
                "prettier-plugin-astro": "*",
                "prettier-plugin-css-order": "*",
                "prettier-plugin-import-sort": "*",
                "prettier-plugin-jsdoc": "*",
                "prettier-plugin-marko": "*",
                "prettier-plugin-multiline-arrays": "*",
                "prettier-plugin-organize-attributes": "*",
                "prettier-plugin-organize-imports": "*",
                "prettier-plugin-sort-imports": "*",
                "prettier-plugin-style-order": "*",
                "prettier-plugin-svelte": "*"
            },
            "peerDependenciesMeta": {
                "@ianvs/prettier-plugin-sort-imports": {
                    "optional": true
                },
                "@prettier/plugin-pug": {
                    "optional": true
                },
                "@shopify/prettier-plugin-liquid": {
                    "optional": true
                },
                "@trivago/prettier-plugin-sort-imports": {
                    "optional": true
                },
                "@zackad/prettier-plugin-twig-melody": {
                    "optional": true
                },
                "prettier-plugin-astro": {
                    "optional": true
                },
                "prettier-plugin-css-order": {
                    "optional": true
                },
                "prettier-plugin-import-sort": {
                    "optional": true
                },
                "prettier-plugin-jsdoc": {
                    "optional": true
                },
                "prettier-plugin-marko": {
                    "optional": true
                },
                "prettier-plugin-multiline-arrays": {
                    "optional": true
                },
                "prettier-plugin-organize-attributes": {
                    "optional": true
                },
                "prettier-plugin-organize-imports": {
                    "optional": true
                },
                "prettier-plugin-sort-imports": {
                    "optional": true
                },
                "prettier-plugin-style-order": {
                    "optional": true
                },
                "prettier-plugin-svelte": {
                    "optional": true
                }
            }
        },
        "node_modules/tailwindcss": {
            "version": "4.0.5",
            "resolved": "https://registry.npmjs.org/tailwindcss/-/tailwindcss-4.0.5.tgz",
            "integrity": "sha512-DZZIKX3tA23LGTjHdnwlJOTxfICD1cPeykLLsYF1RQBI9QsCR3i0szohJfJDVjr6aNRAIio5WVO7FGB77fRHwg==",
            "dev": true,
            "license": "MIT"
        }
    }
}
